
Microsoft Visual Studio Solution File, Format Version 12.00
# Visual Studio Version 17
VisualStudioVersion = 17.4.33205.214
MinimumVisualStudioVersion = 10.0.40219.1
Project("{FAE04EC0-301F-11D3-BF4B-00C04F79EFBC}") = "Dev.IO.App", "src\Dev.IO.App\Dev.IO.App.csproj", "{ED556076-185F-4C1F-AAE1-3DB5C7B81409}"
EndProject
Project("{FAE04EC0-301F-11D3-BF4B-00C04F79EFBC}") = "Dev.IO.Business", "src\Dev.IO.Business\Dev.IO.Business.csproj", "{03D5DB2B-DB76-4078-BEC8-595CDC8143BD}"
EndProject
Project("{FAE04EC0-301F-11D3-BF4B-00C04F79EFBC}") = "Dev.IO.Data", "src\Dev.IO.Data\Dev.IO.Data.csproj", "{4C5E0740-DF56-413F-82F1-04C68272CD8E}"
EndProject
Global
	GlobalSection(SolutionConfigurationPlatforms) = preSolution
		Debug|Any CPU = Debug|Any CPU
		Release|Any CPU = Release|Any CPU
	EndGlobalSection
	GlobalSection(ProjectConfigurationPlatforms) = postSolution
		{ED556076-185F-4C1F-AAE1-3DB5C7B81409}.Debug|Any CPU.ActiveCfg = Debug|Any CPU
		{ED556076-185F-4C1F-AAE1-3DB5C7B81409}.Debug|Any CPU.Build.0 = Debug|Any CPU
		{ED556076-185F-4C1F-AAE1-3DB5C7B81409}.Release|Any CPU.ActiveCfg = Release|Any CPU
		{ED556076-185F-4C1F-AAE1-3DB5C7B81409}.Release|Any CPU.Build.0 = Release|Any CPU
		{03D5DB2B-DB76-4078-BEC8-595CDC8143BD}.Debug|Any CPU.ActiveCfg = Debug|Any CPU
		{03D5DB2B-DB76-4078-BEC8-595CDC8143BD}.Debug|Any CPU.Build.0 = Debug|Any CPU
		{03D5DB2B-DB76-4078-BEC8-595CDC8143BD}.Release|Any CPU.ActiveCfg = Release|Any CPU
		{03D5DB2B-DB76-4078-BEC8-595CDC8143BD}.Release|Any CPU.Build.0 = Release|Any CPU
		{4C5E0740-DF56-413F-82F1-04C68272CD8E}.Debug|Any CPU.ActiveCfg = Debug|Any CPU
		{4C5E0740-DF56-413F-82F1-04C68272CD8E}.Debug|Any CPU.Build.0 = Debug|Any CPU
		{4C5E0740-DF56-413F-82F1-04C68272CD8E}.Release|Any CPU.ActiveCfg = Release|Any CPU
		{4C5E0740-DF56-413F-82F1-04C68272CD8E}.Release|Any CPU.Build.0 = Release|Any CPU
	EndGlobalSection
	GlobalSection(SolutionProperties) = preSolution
		HideSolutionNode = FALSE
	EndGlobalSection
	GlobalSection(ExtensibilityGlobals) = postSolution
		SolutionGuid = {9BE343CF-BF63-482E-9AF9-2878E7F80B5F}
	EndGlobalSection
EndGlobal
